
Microsoft Visual Studio Solution File, Format Version 12.00
# Visual Studio Version 16
VisualStudioVersion = 16.0.29920.165
MinimumVisualStudioVersion = 10.0.40219.1
Project("{2150E333-8FDC-42A3-9474-1A3956D46DE8}") = "1 - API", "1 - API", "{F6E4803D-8E0B-4412-88FA-CE767F9C6452}"
EndProject
Project("{2150E333-8FDC-42A3-9474-1A3956D46DE8}") = "2 - Domain", "2 - Domain", "{1AE4F28B-2C12-4629-97C3-FC009DF3A8AC}"
EndProject
Project("{2150E333-8FDC-42A3-9474-1A3956D46DE8}") = "3 - Service", "3 - Service", "{48E9BAB9-126A-4F94-BF55-BAE154E875F6}"
EndProject
Project("{2150E333-8FDC-42A3-9474-1A3956D46DE8}") = "4 - Infra", "4 - Infra", "{89C65840-70AB-4A66-9DC6-211A48773D89}"
EndProject
Project("{2150E333-8FDC-42A3-9474-1A3956D46DE8}") = "4.1 - Data", "4.1 - Data", "{A94246B7-577F-40E4-9665-75562406563F}"
EndProject
Project("{2150E333-8FDC-42A3-9474-1A3956D46DE8}") = "4.2 CrossCutting", "4.2 CrossCutting", "{6E292ABB-C94E-4D02-9A25-E49755CCC1E4}"
EndProject
Project("{2150E333-8FDC-42A3-9474-1A3956D46DE8}") = "5 - Tests", "5 - Tests", "{6CB8F40A-87B7-4C8A-B0F0-E53622A2D92F}"
EndProject
Project("{FAE04EC0-301F-11D3-BF4B-00C04F79EFBC}") = "CodeWiki.API", "CodeWiki.API\CodeWiki.API.csproj", "{58E0AFBD-709B-467A-B160-4A5F46A2958E}"
EndProject
Project("{FAE04EC0-301F-11D3-BF4B-00C04F79EFBC}") = "CodeWiki.Domain", "CodeWiki.Domain\CodeWiki.Domain.csproj", "{B6D93559-E2A3-4A66-83F4-23C91A002EC6}"
EndProject
Project("{FAE04EC0-301F-11D3-BF4B-00C04F79EFBC}") = "CodeWiki.Service", "CodeWiki.Service\CodeWiki.Service.csproj", "{F99C16F0-CB02-4C81-9B95-76E82EC418B6}"
EndProject
Project("{FAE04EC0-301F-11D3-BF4B-00C04F79EFBC}") = "CodeWiki.Infra.Data", "CodeWiki.Infra.Data\CodeWiki.Infra.Data.csproj", "{91CB4B2C-31B4-4288-8AFA-915BBDDA4F89}"
EndProject
Project("{FAE04EC0-301F-11D3-BF4B-00C04F79EFBC}") = "CodeWiki.Infra.CrossCutting", "CodeWiki.Infra.CrossCutting\CodeWiki.Infra.CrossCutting.csproj", "{FE87B526-C609-48CD-BF0A-E8AF46AA5F72}"
EndProject
Project("{FAE04EC0-301F-11D3-BF4B-00C04F79EFBC}") = "CodeWiki.Tests", "CodeWiki.Tests\CodeWiki.Tests.csproj", "{7E80379D-E887-4E03-B8D6-0D7E6CBF2DC9}"
EndProject
Global
	GlobalSection(SolutionConfigurationPlatforms) = preSolution
		Debug|Any CPU = Debug|Any CPU
		Release|Any CPU = Release|Any CPU
	EndGlobalSection
	GlobalSection(ProjectConfigurationPlatforms) = postSolution
		{58E0AFBD-709B-467A-B160-4A5F46A2958E}.Debug|Any CPU.ActiveCfg = Debug|Any CPU
		{58E0AFBD-709B-467A-B160-4A5F46A2958E}.Debug|Any CPU.Build.0 = Debug|Any CPU
		{58E0AFBD-709B-467A-B160-4A5F46A2958E}.Release|Any CPU.ActiveCfg = Release|Any CPU
		{58E0AFBD-709B-467A-B160-4A5F46A2958E}.Release|Any CPU.Build.0 = Release|Any CPU
		{B6D93559-E2A3-4A66-83F4-23C91A002EC6}.Debug|Any CPU.ActiveCfg = Debug|Any CPU
		{B6D93559-E2A3-4A66-83F4-23C91A002EC6}.Debug|Any CPU.Build.0 = Debug|Any CPU
		{B6D93559-E2A3-4A66-83F4-23C91A002EC6}.Release|Any CPU.ActiveCfg = Release|Any CPU
		{B6D93559-E2A3-4A66-83F4-23C91A002EC6}.Release|Any CPU.Build.0 = Release|Any CPU
		{F99C16F0-CB02-4C81-9B95-76E82EC418B6}.Debug|Any CPU.ActiveCfg = Debug|Any CPU
		{F99C16F0-CB02-4C81-9B95-76E82EC418B6}.Debug|Any CPU.Build.0 = Debug|Any CPU
		{F99C16F0-CB02-4C81-9B95-76E82EC418B6}.Release|Any CPU.ActiveCfg = Release|Any CPU
		{F99C16F0-CB02-4C81-9B95-76E82EC418B6}.Release|Any CPU.Build.0 = Release|Any CPU
		{91CB4B2C-31B4-4288-8AFA-915BBDDA4F89}.Debug|Any CPU.ActiveCfg = Debug|Any CPU
		{91CB4B2C-31B4-4288-8AFA-915BBDDA4F89}.Debug|Any CPU.Build.0 = Debug|Any CPU
		{91CB4B2C-31B4-4288-8AFA-915BBDDA4F89}.Release|Any CPU.ActiveCfg = Release|Any CPU
		{91CB4B2C-31B4-4288-8AFA-915BBDDA4F89}.Release|Any CPU.Build.0 = Release|Any CPU
		{FE87B526-C609-48CD-BF0A-E8AF46AA5F72}.Debug|Any CPU.ActiveCfg = Debug|Any CPU
		{FE87B526-C609-48CD-BF0A-E8AF46AA5F72}.Debug|Any CPU.Build.0 = Debug|Any CPU
		{FE87B526-C609-48CD-BF0A-E8AF46AA5F72}.Release|Any CPU.ActiveCfg = Release|Any CPU
		{FE87B526-C609-48CD-BF0A-E8AF46AA5F72}.Release|Any CPU.Build.0 = Release|Any CPU
		{7E80379D-E887-4E03-B8D6-0D7E6CBF2DC9}.Debug|Any CPU.ActiveCfg = Debug|Any CPU
		{7E80379D-E887-4E03-B8D6-0D7E6CBF2DC9}.Debug|Any CPU.Build.0 = Debug|Any CPU
		{7E80379D-E887-4E03-B8D6-0D7E6CBF2DC9}.Release|Any CPU.ActiveCfg = Release|Any CPU
		{7E80379D-E887-4E03-B8D6-0D7E6CBF2DC9}.Release|Any CPU.Build.0 = Release|Any CPU
	EndGlobalSection
	GlobalSection(SolutionProperties) = preSolution
		HideSolutionNode = FALSE
	EndGlobalSection
	GlobalSection(NestedProjects) = preSolution
		{A94246B7-577F-40E4-9665-75562406563F} = {89C65840-70AB-4A66-9DC6-211A48773D89}
		{6E292ABB-C94E-4D02-9A25-E49755CCC1E4} = {89C65840-70AB-4A66-9DC6-211A48773D89}
		{58E0AFBD-709B-467A-B160-4A5F46A2958E} = {F6E4803D-8E0B-4412-88FA-CE767F9C6452}
		{B6D93559-E2A3-4A66-83F4-23C91A002EC6} = {1AE4F28B-2C12-4629-97C3-FC009DF3A8AC}
		{F99C16F0-CB02-4C81-9B95-76E82EC418B6} = {48E9BAB9-126A-4F94-BF55-BAE154E875F6}
		{91CB4B2C-31B4-4288-8AFA-915BBDDA4F89} = {A94246B7-577F-40E4-9665-75562406563F}
		{FE87B526-C609-48CD-BF0A-E8AF46AA5F72} = {6E292ABB-C94E-4D02-9A25-E49755CCC1E4}
		{7E80379D-E887-4E03-B8D6-0D7E6CBF2DC9} = {6CB8F40A-87B7-4C8A-B0F0-E53622A2D92F}
	EndGlobalSection
	GlobalSection(ExtensibilityGlobals) = postSolution
		SolutionGuid = {8CD5952D-4879-4AD0-BFF3-A06404CB0393}
	EndGlobalSection
EndGlobal
